{
  "lockfile-version": 1,
  "manifest": {
    "version": 1,
    "install": {
      "cargo": {
        "pkg-path": "cargo"
      },
      "cargo-watch": {
        "pkg-path": "cargo-watch"
      },
      "nodejs": {
        "pkg-path": "nodejs"
      },
      "pnpm": {
        "pkg-path": "pnpm"
      },
      "rustc": {
        "pkg-path": "rustc"
      },
      "sqlx-cli": {
        "pkg-path": "sqlx-cli"
      }
    },
    "hook": {},
    "profile": {},
    "options": {}
  },
  "packages": [
    {
      "attr_path": "cargo",
      "broken": false,
      "derivation": "/nix/store/dmimrcw4h3fbmm1n73mizwrdcg1d4xdc-cargo-1.91.1.drv",
      "description": "Downloads your Rust project's dependencies and builds your project",
      "install_id": "cargo",
      "license": "[ MIT, Apache-2.0 ]",
      "locked_url": "https://github.com/flox/nixpkgs?rev=e4bae1bd10c9c57b2cf517953ab70060a828ee6f",
      "name": "cargo-1.91.1",
      "pname": "cargo",
      "rev": "e4bae1bd10c9c57b2cf517953ab70060a828ee6f",
      "rev_count": 928726,
      "rev_date": "2026-01-16T12:01:49Z",
      "scrape_date": "2026-01-17T03:20:15.291555Z",
      "stabilities": [
        "unstable"
      ],
      "unfree": false,
      "version": "1.91.1",
      "outputs_to_install": [
        "out"
      ],
      "outputs": {
        "out": "/nix/store/cqggkkzy67afdy26s64nddzhq048awjc-cargo-1.91.1"
      },
      "system": "aarch64-darwin",
      "group": "toplevel",
      "priority": 5
    },
    {
      "attr_path": "cargo",
      "broken": false,
      "derivation": "/nix/store/qp02486m7s9ap70hj27j99lndb2hdngq-cargo-1.91.1.drv",
      "description": "Downloads your Rust project's dependencies and builds your project",
      "install_id": "cargo",
      "license": "[ MIT, Apache-2.0 ]",
      "locked_url": "https://github.com/flox/nixpkgs?rev=e4bae1bd10c9c57b2cf517953ab70060a828ee6f",
      "name": "cargo-1.91.1",
      "pname": "cargo",
      "rev": "e4bae1bd10c9c57b2cf517953ab70060a828ee6f",
      "rev_count": 928726,
      "rev_date": "2026-01-16T12:01:49Z",
      "scrape_date": "2026-01-17T03:59:48.344672Z",
      "stabilities": [
        "unstable"
      ],
      "unfree": false,
      "version": "1.91.1",
      "outputs_to_install": [
        "out"
      ],
      "outputs": {
        "out": "/nix/store/fkzkn31qravdf6gn93f1gbi7rwvyk344-cargo-1.91.1"
      },
      "system": "aarch64-linux",
      "group": "toplevel",
      "priority": 5
    },
    {
      "attr_path": "cargo",
      "broken": false,
      "derivation": "/nix/store/qp7mafaiyjbjicyk6w7763hxc1812ys8-cargo-1.91.1.drv",
      "description": "Downloads your Rust project's dependencies and builds your project",
      "install_id": "cargo",
      "license": "[ MIT, Apache-2.0 ]",
      "locked_url": "https://github.com/flox/nixpkgs?rev=e4bae1bd10c9c57b2cf517953ab70060a828ee6f",
      "name": "cargo-1.91.1",
      "pname": "cargo",
      "rev": "e4bae1bd10c9c57b2cf517953ab70060a828ee6f",
      "rev_count": 928726,
      "rev_date": "2026-01-16T12:01:49Z",
      "scrape_date": "2026-01-17T04:36:58.747854Z",
      "stabilities": [
        "unstable"
      ],
      "unfree": false,
      "version": "1.91.1",
      "outputs_to_install": [
        "out"
      ],
      "outputs": {
        "out": "/nix/store/7xj3lfil8b90a9mppfn6fs038xbhfq0b-cargo-1.91.1"
      },
      "system": "x86_64-darwin",
      "group": "toplevel",
      "priority": 5
    },
    {
      "attr_path": "cargo",
      "broken": false,
      "derivation": "/nix/store/890j4skvzpry65rwgd8x9lx4fczjdaig-cargo-1.91.1.drv",
      "description": "Downloads your Rust project's dependencies and builds your project",
      "install_id": "cargo",
      "license": "[ MIT, Apache-2.0 ]",
      "locked_url": "https://github.com/flox/nixpkgs?rev=e4bae1bd10c9c57b2cf517953ab70060a828ee6f",
      "name": "cargo-1.91.1",
      "pname": "cargo",
      "rev": "e4bae1bd10c9c57b2cf517953ab70060a828ee6f",
      "rev_count": 928726,
      "rev_date": "2026-01-16T12:01:49Z",
      "scrape_date": "2026-01-17T05:18:17.482920Z",
      "stabilities": [
        "unstable"
      ],
      "unfree": false,
      "version": "1.91.1",
      "outputs_to_install": [
        "out"
      ],
      "outputs": {
        "out": "/nix/store/9db7xb1axdgqp4lakdxbp27yh7kfvm0b-cargo-1.91.1"
      },
      "system": "x86_64-linux",
      "group": "toplevel",
      "priority": 5
    },
    {
      "attr_path": "cargo-watch",
      "broken": false,
      "derivation": "/nix/store/q7sj3ph4d8ybq00zzk59xc296cj54xnk-cargo-watch-8.5.3.drv",
      "description": "Cargo subcommand for watching over Cargo project's source",
      "install_id": "cargo-watch",
      "license": "CC0-1.0",
      "locked_url": "https://github.com/flox/nixpkgs?rev=e4bae1bd10c9c57b2cf517953ab70060a828ee6f",
      "name": "cargo-watch-8.5.3",
      "pname": "cargo-watch",
      "rev": "e4bae1bd10c9c57b2cf517953ab70060a828ee6f",
      "rev_count": 928726,
      "rev_date": "2026-01-16T12:01:49Z",
      "scrape_date": "2026-01-17T03:20:15.308898Z",
      "stabilities": [
        "unstable"
      ],
      "unfree": false,
      "version": "8.5.3",
      "outputs_to_install": [
        "out"
      ],
      "outputs": {
        "out": "/nix/store/6qagdabykavf5i70ih1w31s94ccmv7v6-cargo-watch-8.5.3"
      },
      "system": "aarch64-darwin",
      "group": "toplevel",
      "priority": 5
    },
    {
      "attr_path": "cargo-watch",
      "broken": false,
      "derivation": "/nix/store/z78b99y5b2dd6ak73s5bfwkjddcmr4hh-cargo-watch-8.5.3.drv",
      "description": "Cargo subcommand for watching over Cargo project's source",
      "install_id": "cargo-watch",
      "license": "CC0-1.0",
      "locked_url": "https://github.com/flox/nixpkgs?rev=e4bae1bd10c9c57b2cf517953ab70060a828ee6f",
      "name": "cargo-watch-8.5.3",
      "pname": "cargo-watch",
      "rev": "e4bae1bd10c9c57b2cf517953ab70060a828ee6f",
      "rev_count": 928726,
      "rev_date": "2026-01-16T12:01:49Z",
      "scrape_date": "2026-01-17T03:59:48.365537Z",
      "stabilities": [
        "unstable"
      ],
      "unfree": false,
      "version": "8.5.3",
      "outputs_to_install": [
        "out"
      ],
      "outputs": {
        "out": "/nix/store/4q0ambzva5b1v1ly5rrf6gn19j86b2bn-cargo-watch-8.5.3"
      },
      "system": "aarch64-linux",
      "group": "toplevel",
      "priority": 5
    },
    {
      "attr_path": "cargo-watch",
      "broken": false,
      "derivation": "/nix/store/2rfqs9agi6wcwylzb40lfpsb2vixyk4b-cargo-watch-8.5.3.drv",
      "description": "Cargo subcommand for watching over Cargo project's source",
      "install_id": "cargo-watch",
      "license": "CC0-1.0",
      "locked_url": "https://github.com/flox/nixpkgs?rev=e4bae1bd10c9c57b2cf517953ab70060a828ee6f",
      "name": "cargo-watch-8.5.3",
      "pname": "cargo-watch",
      "rev": "e4bae1bd10c9c57b2cf517953ab70060a828ee6f",
      "rev_count": 928726,
      "rev_date": "2026-01-16T12:01:49Z",
      "scrape_date": "2026-01-17T04:36:58.765619Z",
      "stabilities": [
        "unstable"
      ],
      "unfree": false,
      "version": "8.5.3",
      "outputs_to_install": [
        "out"
      ],
      "outputs": {
        "out": "/nix/store/w1sqlsi8j5jz49998i1yrc0bpz778g32-cargo-watch-8.5.3"
      },
      "system": "x86_64-darwin",
      "group": "toplevel",
      "priority": 5
    },
    {
      "attr_path": "cargo-watch",
      "broken": false,
      "derivation": "/nix/store/gxlm30hzpb81lsaghhg8p5j5lhfdbzbp-cargo-watch-8.5.3.drv",
      "description": "Cargo subcommand for watching over Cargo project's source",
      "install_id": "cargo-watch",
      "license": "CC0-1.0",
      "locked_url": "https://github.com/flox/nixpkgs?rev=e4bae1bd10c9c57b2cf517953ab70060a828ee6f",
      "name": "cargo-watch-8.5.3",
      "pname": "cargo-watch",
      "rev": "e4bae1bd10c9c57b2cf517953ab70060a828ee6f",
      "rev_count": 928726,
      "rev_date": "2026-01-16T12:01:49Z",
      "scrape_date": "2026-01-17T05:18:17.504919Z",
      "stabilities": [
        "unstable"
      ],
      "unfree": false,
      "version": "8.5.3",
      "outputs_to_install": [
        "out"
      ],
      "outputs": {
        "out": "/nix/store/1jjg5g44ibz8vfiiw73pchic38nxlsfc-cargo-watch-8.5.3"
      },
      "system": "x86_64-linux",
      "group": "toplevel",
      "priority": 5
    },
    {
      "attr_path": "nodejs",
      "broken": false,
      "derivation": "/nix/store/y7zlj0ac5s8brygxmapc95fb5m75b7z3-nodejs-24.12.0.drv",
      "description": "Event-driven I/O framework for the V8 JavaScript engine",
      "install_id": "nodejs",
      "license": "MIT",
      "locked_url": "https://github.com/flox/nixpkgs?rev=e4bae1bd10c9c57b2cf517953ab70060a828ee6f",
      "name": "nodejs-24.12.0",
      "pname": "nodejs",
      "rev": "e4bae1bd10c9c57b2cf517953ab70060a828ee6f",
      "rev_count": 928726,
      "rev_date": "2026-01-16T12:01:49Z",
      "scrape_date": "2026-01-17T03:20:39.107088Z",
      "stabilities": [
        "unstable"
      ],
      "unfree": false,
      "version": "24.12.0",
      "outputs_to_install": [
        "out"
      ],
      "outputs": {
        "dev": "/nix/store/y4517nm523fa98f6rgbdmz9132vrv6vn-nodejs-24.12.0-dev",
        "libv8": "/nix/store/9a86b1m0hnmjl2sicwn9zd54nixfj4zn-nodejs-24.12.0-libv8",
        "out": "/nix/store/q446nk1273bnmphpd5pbw397qxj6x084-nodejs-24.12.0"
      },
      "system": "aarch64-darwin",
      "group": "toplevel",
      "priority": 5
    },
    {
      "attr_path": "nodejs",
      "broken": false,
      "derivation": "/nix/store/01i86xsjj7l4yq6i0fwllvcv8bdb0vwr-nodejs-24.12.0.drv",
      "description": "Event-driven I/O framework for the V8 JavaScript engine",
      "install_id": "nodejs",
      "license": "MIT",
      "locked_url": "https://github.com/flox/nixpkgs?rev=e4bae1bd10c9c57b2cf517953ab70060a828ee6f",
      "name": "nodejs-24.12.0",
      "pname": "nodejs",
      "rev": "e4bae1bd10c9c57b2cf517953ab70060a828ee6f",
      "rev_count": 928726,
      "rev_date": "2026-01-16T12:01:49Z",
      "scrape_date": "2026-01-17T04:00:28.254360Z",
      "stabilities": [
        "unstable"
      ],
      "unfree": false,
      "version": "24.12.0",
      "outputs_to_install": [
        "out"
      ],
      "outputs": {
        "dev": "/nix/store/xi4jjajzf908i6w064nklr3py5s0i4wp-nodejs-24.12.0-dev",
        "libv8": "/nix/store/znwf19i1zcv8nsxisa51bw3b1kaipkw9-nodejs-24.12.0-libv8",
        "out": "/nix/store/dvcc9hh5ia62x2r44zcgsz5gic5yzi3j-nodejs-24.12.0"
      },
      "system": "aarch64-linux",
      "group": "toplevel",
      "priority": 5
    },
    {
      "attr_path": "nodejs",
      "broken": false,
      "derivation": "/nix/store/8xwzycjgqnmyh7hz4r3dyb11a2gnig8p-nodejs-24.12.0.drv",
      "description": "Event-driven I/O framework for the V8 JavaScript engine",
      "install_id": "nodejs",
      "license": "MIT",
      "locked_url": "https://github.com/flox/nixpkgs?rev=e4bae1bd10c9c57b2cf517953ab70060a828ee6f",
      "name": "nodejs-24.12.0",
      "pname": "nodejs",
      "rev": "e4bae1bd10c9c57b2cf517953ab70060a828ee6f",
      "rev_count": 928726,
      "rev_date": "2026-01-16T12:01:49Z",
      "scrape_date": "2026-01-17T04:37:22.661372Z",
      "stabilities": [
        "unstable"
      ],
      "unfree": false,
      "version": "24.12.0",
      "outputs_to_install": [
        "out"
      ],
      "outputs": {
        "dev": "/nix/store/almxqkc9vjzqclb80ii5hh6k20dm4gwq-nodejs-24.12.0-dev",
        "libv8": "/nix/store/mshbd7yawhywp07l6h6zgbfqarv2ad83-nodejs-24.12.0-libv8",
        "out": "/nix/store/1j9jzwfgh2cl4j9sfv37wkm1g1qg5c7i-nodejs-24.12.0"
      },
      "system": "x86_64-darwin",
      "group": "toplevel",
      "priority": 5
    },
    {
      "attr_path": "nodejs",
      "broken": false,
      "derivation": "/nix/store/z722afnvi81yrm6vq8z42n1hfb7x7daj-nodejs-24.12.0.drv",
      "description": "Event-driven I/O framework for the V8 JavaScript engine",
      "install_id": "nodejs",
      "license": "MIT",
      "locked_url": "https://github.com/flox/nixpkgs?rev=e4bae1bd10c9c57b2cf517953ab70060a828ee6f",
      "name": "nodejs-24.12.0",
      "pname": "nodejs",
      "rev": "e4bae1bd10c9c57b2cf517953ab70060a828ee6f",
      "rev_count": 928726,
      "rev_date": "2026-01-16T12:01:49Z",
      "scrape_date": "2026-01-17T05:18:57.729878Z",
      "stabilities": [
        "unstable"
      ],
      "unfree": false,
      "version": "24.12.0",
      "outputs_to_install": [
        "out"
      ],
      "outputs": {
        "dev": "/nix/store/y4a1pyqcjhp281krkg0zf3d5bga1pbfy-nodejs-24.12.0-dev",
        "libv8": "/nix/store/0hq6zscpapk7h148zv5c2wqwnvy5pdr4-nodejs-24.12.0-libv8",
        "out": "/nix/store/cikdc61gfwvdma6y0p9b5d5d448aqcv6-nodejs-24.12.0"
      },
      "system": "x86_64-linux",
      "group": "toplevel",
      "priority": 5
    },
    {
      "attr_path": "pnpm",
      "broken": false,
      "derivation": "/nix/store/gl8q38mwb1hs0wp7f0wgk959vdgl19j6-pnpm-10.28.0.drv",
      "description": "Fast, disk space efficient package manager for JavaScript",
      "install_id": "pnpm",
      "license": "MIT",
      "locked_url": "https://github.com/flox/nixpkgs?rev=e4bae1bd10c9c57b2cf517953ab70060a828ee6f",
      "name": "pnpm-10.28.0",
      "pname": "pnpm",
      "rev": "e4bae1bd10c9c57b2cf517953ab70060a828ee6f",
      "rev_count": 928726,
      "rev_date": "2026-01-16T12:01:49Z",
      "scrape_date": "2026-01-17T03:20:53.208985Z",
      "stabilities": [
        "unstable"
      ],
      "unfree": false,
      "version": "10.28.0",
      "outputs_to_install": [
        "out"
      ],
      "outputs": {
        "out": "/nix/store/gm3mvwdq8lzgwrracc39c56bsw48gcdm-pnpm-10.28.0"
      },
      "system": "aarch64-darwin",
      "group": "toplevel",
      "priority": 5
    },
    {
      "attr_path": "pnpm",
      "broken": false,
      "derivation": "/nix/store/6c739ca2lmqy4kc5w03m9y167lh0gr68-pnpm-10.28.0.drv",
      "description": "Fast, disk space efficient package manager for JavaScript",
      "install_id": "pnpm",
      "license": "MIT",
      "locked_url": "https://github.com/flox/nixpkgs?rev=e4bae1bd10c9c57b2cf517953ab70060a828ee6f",
      "name": "pnpm-10.28.0",
      "pname": "pnpm",
      "rev": "e4bae1bd10c9c57b2cf517953ab70060a828ee6f",
      "rev_count": 928726,
      "rev_date": "2026-01-16T12:01:49Z",
      "scrape_date": "2026-01-17T04:00:47.248132Z",
      "stabilities": [
        "unstable"
      ],
      "unfree": false,
      "version": "10.28.0",
      "outputs_to_install": [
        "out"
      ],
      "outputs": {
        "out": "/nix/store/v0hvwsn642v04v43i1cp6wpw659mk0fh-pnpm-10.28.0"
      },
      "system": "aarch64-linux",
      "group": "toplevel",
      "priority": 5
    },
    {
      "attr_path": "pnpm",
      "broken": false,
      "derivation": "/nix/store/v0rz7jii8hckxhrk79wsykijdxmlday5-pnpm-10.28.0.drv",
      "description": "Fast, disk space efficient package manager for JavaScript",
      "install_id": "pnpm",
      "license": "MIT",
      "locked_url": "https://github.com/flox/nixpkgs?rev=e4bae1bd10c9c57b2cf517953ab70060a828ee6f",
      "name": "pnpm-10.28.0",
      "pname": "pnpm",
      "rev": "e4bae1bd10c9c57b2cf517953ab70060a828ee6f",
      "rev_count": 928726,
      "rev_date": "2026-01-16T12:01:49Z",
      "scrape_date": "2026-01-17T04:37:36.230047Z",
      "stabilities": [
        "unstable"
      ],
      "unfree": false,
      "version": "10.28.0",
      "outputs_to_install": [
        "out"
      ],
      "outputs": {
        "out": "/nix/store/37719x03mhk4f155zxvajh4z35yilg3v-pnpm-10.28.0"
      },
      "system": "x86_64-darwin",
      "group": "toplevel",
      "priority": 5
    },
    {
      "attr_path": "pnpm",
      "broken": false,
      "derivation": "/nix/store/l2hbg3df6kmc90a2sp6zmihzj7lmnybp-pnpm-10.28.0.drv",
      "description": "Fast, disk space efficient package manager for JavaScript",
      "install_id": "pnpm",
      "license": "MIT",
      "locked_url": "https://github.com/flox/nixpkgs?rev=e4bae1bd10c9c57b2cf517953ab70060a828ee6f",
      "name": "pnpm-10.28.0",
      "pname": "pnpm",
      "rev": "e4bae1bd10c9c57b2cf517953ab70060a828ee6f",
      "rev_count": 928726,
      "rev_date": "2026-01-16T12:01:49Z",
      "scrape_date": "2026-01-17T05:19:17.529162Z",
      "stabilities": [
        "unstable"
      ],
      "unfree": false,
      "version": "10.28.0",
      "outputs_to_install": [
        "out"
      ],
      "outputs": {
        "out": "/nix/store/rsqvnapfwyal6iw70p5nrk3vng3qdprw-pnpm-10.28.0"
      },
      "system": "x86_64-linux",
      "group": "toplevel",
      "priority": 5
    },
    {
      "attr_path": "rustc",
      "broken": false,
      "derivation": "/nix/store/1qx3hyji9aqw1h9zbivwyryn7zyyv92s-rustc-wrapper-1.91.1.drv",
      "description": "Safe, concurrent, practical language (wrapper script)",
      "install_id": "rustc",
      "license": "[ MIT, Apache-2.0 ]",
      "locked_url": "https://github.com/flox/nixpkgs?rev=e4bae1bd10c9c57b2cf517953ab70060a828ee6f",
      "name": "rustc-wrapper-1.91.1",
      "pname": "rustc",
      "rev": "e4bae1bd10c9c57b2cf517953ab70060a828ee6f",
      "rev_count": 928726,
      "rev_date": "2026-01-16T12:01:49Z",
      "scrape_date": "2026-01-17T03:21:46.985334Z",
      "stabilities": [
        "unstable"
      ],
      "unfree": false,
      "version": "1.91.1",
      "outputs_to_install": [
        "man",
        "out"
      ],
      "outputs": {
        "doc": "/nix/store/wa261jmkpvlndh0gnmk41l21sg4fvb7s-rustc-wrapper-1.91.1-doc",
        "man": "/nix/store/jd3y6ynavbad56xal9bkfkq69j4xmi5r-rustc-wrapper-1.91.1-man",
        "out": "/nix/store/q01yyg69q3rdm6k0xh4m46gv2sx72z6n-rustc-wrapper-1.91.1"
      },
      "system": "aarch64-darwin",
      "group": "toplevel",
      "priority": 5
    },
    {
      "attr_path": "rustc",
      "broken": false,
      "derivation": "/nix/store/r3wbmfwiz74qxivgrwd44sia5p7ppb22-rustc-wrapper-1.91.1.drv",
      "description": "Safe, concurrent, practical language (wrapper script)",
      "install_id": "rustc",
      "license": "[ MIT, Apache-2.0 ]",
      "locked_url": "https://github.com/flox/nixpkgs?rev=e4bae1bd10c9c57b2cf517953ab70060a828ee6f",
      "name": "rustc-wrapper-1.91.1",
      "pname": "rustc",
      "rev": "e4bae1bd10c9c57b2cf517953ab70060a828ee6f",
      "rev_count": 928726,
      "rev_date": "2026-01-16T12:01:49Z",
      "scrape_date": "2026-01-17T04:01:50.946842Z",
      "stabilities": [
        "unstable"
      ],
      "unfree": false,
      "version": "1.91.1",
      "outputs_to_install": [
        "man",
        "out"
      ],
      "outputs": {
        "doc": "/nix/store/kh9m7wvnr2zaxzv499kqvqi46ncxlw0g-rustc-wrapper-1.91.1-doc",
        "man": "/nix/store/2z5bl31yxnljhqf2saijb4mfviw63cxz-rustc-wrapper-1.91.1-man",
        "out": "/nix/store/pil8v5ilxakq2w58pqkyz2qzdhrffqi4-rustc-wrapper-1.91.1"
      },
      "system": "aarch64-linux",
      "group": "toplevel",
      "priority": 5
    },
    {
      "attr_path": "rustc",
      "broken": false,
      "derivation": "/nix/store/xwlx1jlf858mrnp7ddhvv3bsj8qs57vn-rustc-wrapper-1.91.1.drv",
      "description": "Safe, concurrent, practical language (wrapper script)",
      "install_id": "rustc",
      "license": "[ MIT, Apache-2.0 ]",
      "locked_url": "https://github.com/flox/nixpkgs?rev=e4bae1bd10c9c57b2cf517953ab70060a828ee6f",
      "name": "rustc-wrapper-1.91.1",
      "pname": "rustc",
      "rev": "e4bae1bd10c9c57b2cf517953ab70060a828ee6f",
      "rev_count": 928726,
      "rev_date": "2026-01-16T12:01:49Z",
      "scrape_date": "2026-01-17T04:38:27.014039Z",
      "stabilities": [
        "unstable"
      ],
      "unfree": false,
      "version": "1.91.1",
      "outputs_to_install": [
        "man",
        "out"
      ],
      "outputs": {
        "doc": "/nix/store/lmr1dxiw72chzhzzar9ynwc6l5bhls0m-rustc-wrapper-1.91.1-doc",
        "man": "/nix/store/iypj3nm5fzl23ndv19np5l2x96vbx57c-rustc-wrapper-1.91.1-man",
        "out": "/nix/store/1yzbyvcd2xjjdz19bignw244daq81j9w-rustc-wrapper-1.91.1"
      },
      "system": "x86_64-darwin",
      "group": "toplevel",
      "priority": 5
    },
    {
      "attr_path": "rustc",
      "broken": false,
      "derivation": "/nix/store/yvq3vnrvs8xvnfbarbfrj7fgvbjr5n3g-rustc-wrapper-1.91.1.drv",
      "description": "Safe, concurrent, practical language (wrapper script)",
      "install_id": "rustc",
      "license": "[ MIT, Apache-2.0 ]",
      "locked_url": "https://github.com/flox/nixpkgs?rev=e4bae1bd10c9c57b2cf517953ab70060a828ee6f",
      "name": "rustc-wrapper-1.91.1",
      "pname": "rustc",
      "rev": "e4bae1bd10c9c57b2cf517953ab70060a828ee6f",
      "rev_count": 928726,
      "rev_date": "2026-01-16T12:01:49Z",
      "scrape_date": "2026-01-17T05:20:23.457392Z",
      "stabilities": [
        "unstable"
      ],
      "unfree": false,
      "version": "1.91.1",
      "outputs_to_install": [
        "man",
        "out"
      ],
      "outputs": {
        "doc": "/nix/store/7jsd9af4g0wvzv4rwb844r2drad7p1xb-rustc-wrapper-1.91.1-doc",
        "man": "/nix/store/4j9a8x6igkqc7505g1rafbd14ili9gwh-rustc-wrapper-1.91.1-man",
        "out": "/nix/store/lvdr3nws8gs2qcgm3rnwvjprcx55kx7l-rustc-wrapper-1.91.1"
      },
      "system": "x86_64-linux",
      "group": "toplevel",
      "priority": 5
    },
    {
      "attr_path": "sqlx-cli",
      "broken": false,
      "derivation": "/nix/store/910ibb1zdq1qhxj90kvfg7p4kqc490gc-sqlx-cli-0.8.6.drv",
      "description": "CLI for managing databases, migrations, and enabling offline mode with `sqlx::query!()` and friends",
      "install_id": "sqlx-cli",
      "license": "Apache-2.0",
      "locked_url": "https://github.com/flox/nixpkgs?rev=e4bae1bd10c9c57b2cf517953ab70060a828ee6f",
      "name": "sqlx-cli-0.8.6",
      "pname": "sqlx-cli",
      "rev": "e4bae1bd10c9c57b2cf517953ab70060a828ee6f",
      "rev_count": 928726,
      "rev_date": "2026-01-16T12:01:49Z",
      "scrape_date": "2026-01-17T03:22:04.120458Z",
      "stabilities": [
        "unstable"
      ],
      "unfree": false,
      "version": "0.8.6",
      "outputs_to_install": [
        "out"
      ],
      "outputs": {
        "out": "/nix/store/fvd5c705c9mv4l1p42a48wkjqaklvlp9-sqlx-cli-0.8.6"
      },
      "system": "aarch64-darwin",
      "group": "toplevel",
      "priority": 5
    },
    {
      "attr_path": "sqlx-cli",
      "broken": false,
      "derivation": "/nix/store/c1hkf40rs1qi5fnc2sayna8nj26jsi53-sqlx-cli-0.8.6.drv",
      "description": "CLI for managing databases, migrations, and enabling offline mode with `sqlx::query!()` and friends",
      "install_id": "sqlx-cli",
      "license": "Apache-2.0",
      "locked_url": "https://github.com/flox/nixpkgs?rev=e4bae1bd10c9c57b2cf517953ab70060a828ee6f",
      "name": "sqlx-cli-0.8.6",
      "pname": "sqlx-cli",
      "rev": "e4bae1bd10c9c57b2cf517953ab70060a828ee6f",
      "rev_count": 928726,
      "rev_date": "2026-01-16T12:01:49Z",
      "scrape_date": "2026-01-17T04:02:10.683933Z",
      "stabilities": [
        "unstable"
      ],
      "unfree": false,
      "version": "0.8.6",
      "outputs_to_install": [
        "out"
      ],
      "outputs": {
        "out": "/nix/store/wlxf7d21f0g1s2mf1fdnjrafdcxd11w3-sqlx-cli-0.8.6"
      },
      "system": "aarch64-linux",
      "group": "toplevel",
      "priority": 5
    },
    {
      "attr_path": "sqlx-cli",
      "broken": false,
      "derivation": "/nix/store/h7ccl0pqia57y23ai365wqi9dq63ywz9-sqlx-cli-0.8.6.drv",
      "description": "CLI for managing databases, migrations, and enabling offline mode with `sqlx::query!()` and friends",
      "install_id": "sqlx-cli",
      "license": "Apache-2.0",
      "locked_url": "https://github.com/flox/nixpkgs?rev=e4bae1bd10c9c57b2cf517953ab70060a828ee6f",
      "name": "sqlx-cli-0.8.6",
      "pname": "sqlx-cli",
      "rev": "e4bae1bd10c9c57b2cf517953ab70060a828ee6f",
      "rev_count": 928726,
      "rev_date": "2026-01-16T12:01:49Z",
      "scrape_date": "2026-01-17T04:38:43.106427Z",
      "stabilities": [
        "unstable"
      ],
      "unfree": false,
      "version": "0.8.6",
      "outputs_to_install": [
        "out"
      ],
      "outputs": {
        "out": "/nix/store/qh82k1kmv8bk3ngwi5wxigf3gr7s9p08-sqlx-cli-0.8.6"
      },
      "system": "x86_64-darwin",
      "group": "toplevel",
      "priority": 5
    },
    {
      "attr_path": "sqlx-cli",
      "broken": false,
      "derivation": "/nix/store/j98y8wvrphl680myj4zrjr3fdbkpx3b8-sqlx-cli-0.8.6.drv",
      "description": "CLI for managing databases, migrations, and enabling offline mode with `sqlx::query!()` and friends",
      "install_id": "sqlx-cli",
      "license": "Apache-2.0",
      "locked_url": "https://github.com/flox/nixpkgs?rev=e4bae1bd10c9c57b2cf517953ab70060a828ee6f",
      "name": "sqlx-cli-0.8.6",
      "pname": "sqlx-cli",
      "rev": "e4bae1bd10c9c57b2cf517953ab70060a828ee6f",
      "rev_count": 928726,
      "rev_date": "2026-01-16T12:01:49Z",
      "scrape_date": "2026-01-17T05:20:43.953435Z",
      "stabilities": [
        "unstable"
      ],
      "unfree": false,
      "version": "0.8.6",
      "outputs_to_install": [
        "out"
      ],
      "outputs": {
        "out": "/nix/store/xbm983h0dg2xr6i3m3q6v9d6s8dg8kfn-sqlx-cli-0.8.6"
      },
      "system": "x86_64-linux",
      "group": "toplevel",
      "priority": 5
    }
  ]
}
